<Solution>
  <Folder Name="/src/">
    <Project Path="src/IdentityFlow.Core/IdentityFlow.Core.csproj" />
    <Project Path="src/IdentityFlow.Data/IdentityFlow.Data.csproj" />
    <Project Path="src/IdentityFlow.Functions/IdentityFlow.Functions.csproj" />
    <Project Path="src/IdentityFlow.Graph/IdentityFlow.Graph.csproj" />
    <Project Path="src/IdentityFlow.Clients/IdentityFlow.Clients.csproj" />
    <Project Path="src/IdentityFlow.Web/IdentityFlow.Web.csproj" />
  </Folder>
  <Folder Name="/tests/">
    <Project Path="tests/IdentityFlow.Core.Tests/IdentityFlow.Core.Tests.csproj" />
    <Project Path="tests/IdentityFlow.Data.Tests/IdentityFlow.Data.Tests.csproj" />
    <Project Path="tests/IdentityFlow.Clients.Tests/IdentityFlow.Clients.Tests.csproj" />
  </Folder>
</Solution>
